
Microsoft Visual Studio Solution File, Format Version 12.00
Project("{FAE04EC0-301F-11D3-BF4B-00C04F79EFBC}") = "Job Application Tracker", "Job Application Tracker\Job Application Tracker.csproj", "{F07ECB3C-3791-4302-823C-0F89B309C54A}"
EndProject
Global
	GlobalSection(SolutionConfigurationPlatforms) = preSolution
		Debug|Any CPU = Debug|Any CPU
		Release|Any CPU = Release|Any CPU
	EndGlobalSection
	GlobalSection(ProjectConfigurationPlatforms) = postSolution
		{F07ECB3C-3791-4302-823C-0F89B309C54A}.Debug|Any CPU.ActiveCfg = Debug|Any CPU
		{F07ECB3C-3791-4302-823C-0F89B309C54A}.Debug|Any CPU.Build.0 = Debug|Any CPU
		{F07ECB3C-3791-4302-823C-0F89B309C54A}.Release|Any CPU.ActiveCfg = Release|Any CPU
		{F07ECB3C-3791-4302-823C-0F89B309C54A}.Release|Any CPU.Build.0 = Release|Any CPU
	EndGlobalSection
EndGlobal
